
Microsoft Visual Studio Solution File, Format Version 12.00
# Visual Studio Version 16
VisualStudioVersion = 16.0.33027.164
MinimumVisualStudioVersion = 10.0.40219.1
Project("{FAE04EC0-301F-11D3-BF4B-00C04F79EFBC}") = "CategoryJobsMVC", "CategoryJobsMVC\CategoryJobsMVC.csproj", "{B20AF768-F0D2-4090-9005-8997791C2420}"
EndProject
Global
	GlobalSection(SolutionConfigurationPlatforms) = preSolution
		Debug|Any CPU = Debug|Any CPU
		Release|Any CPU = Release|Any CPU
	EndGlobalSection
	GlobalSection(ProjectConfigurationPlatforms) = postSolution
		{B20AF768-F0D2-4090-9005-8997791C2420}.Debug|Any CPU.ActiveCfg = Debug|Any CPU
		{B20AF768-F0D2-4090-9005-8997791C2420}.Debug|Any CPU.Build.0 = Debug|Any CPU
		{B20AF768-F0D2-4090-9005-8997791C2420}.Release|Any CPU.ActiveCfg = Release|Any CPU
		{B20AF768-F0D2-4090-9005-8997791C2420}.Release|Any CPU.Build.0 = Release|Any CPU
	EndGlobalSection
	GlobalSection(SolutionProperties) = preSolution
		HideSolutionNode = FALSE
	EndGlobalSection
	GlobalSection(ExtensibilityGlobals) = postSolution
		SolutionGuid = {B97C6AC8-63B5-4FB8-A0F8-CA39CFD6D678}
	EndGlobalSection
EndGlobal
